// !$*UTF8*$!
{
	archiveVersion = 1;
	classes = {};
	objectVersion = 56;
	objects = {
		00000005 = { isa = PBXBuildFile; fileRef = 00000006; };
		00000006 = { isa = PBXFileReference; lastKnownFileType = sourcecode.swift; path = CasioABL100/CasioWatchManager/CasioWatchManager.swift; sourceTree = SOURCE_ROOT; };
		00000007 = { isa = PBXBuildFile; fileRef = 00000008; };
		00000008 = { isa = PBXFileReference; lastKnownFileType = sourcecode.swift; path = CasioABL100/UI/ContentView.swift; sourceTree = SOURCE_ROOT; };
		00000009 = { isa = PBXBuildFile; fileRef = 0000000A; };
		0000000A = { isa = PBXFileReference; lastKnownFileType = sourcecode.swift; path = CasioABL100/UI/CasioWatchApp.swift; sourceTree = SOURCE_ROOT; };
		0000001A = { isa = PBXBuildFile; fileRef = 0000001B; };
		0000001B = { isa = PBXFileReference; lastKnownFileType = sourcecode.swift; path = CasioABL100/CasioWatchManager/WatchRequestQueue.swift; sourceTree = SOURCE_ROOT; };
		0000001C = { isa = PBXBuildFile; fileRef = 0000001D; };
		0000001D = { isa = PBXFileReference; lastKnownFileType = sourcecode.swift; path = CasioABL100/CasioWatchManager/StepCounter.swift; sourceTree = SOURCE_ROOT; };
		0000001E = { isa = PBXBuildFile; fileRef = 0000001F; };
		0000001F = { isa = PBXFileReference; lastKnownFileType = sourcecode.swift; path = CasioABL100/CasioWatchManager/Alarms.swift; sourceTree = SOURCE_ROOT; };
		00000020 = { isa = PBXBuildFile; fileRef = 00000021; };
		00000021 = { isa = PBXFileReference; lastKnownFileType = sourcecode.swift; path = CasioABL100/UI/AlarmsTab.swift; sourceTree = SOURCE_ROOT; };
		00000022 = { isa = PBXBuildFile; fileRef = 00000023; };
		00000023 = { isa = PBXFileReference; lastKnownFileType = sourcecode.swift; path = CasioABL100/CasioWatchManager/Settings.swift; sourceTree = SOURCE_ROOT; };
		00000024 = { isa = PBXBuildFile; fileRef = 00000025; };
		00000025 = { isa = PBXFileReference; lastKnownFileType = sourcecode.swift; path = CasioABL100/UI/SettingsTab.swift; sourceTree = SOURCE_ROOT; };
		00000026 = { isa = PBXBuildFile; fileRef = 00000027; };
		00000027 = { isa = PBXFileReference; lastKnownFileType = sourcecode.swift; path = CasioABL100/CasioWatchManager/WatchTimer.swift; sourceTree = SOURCE_ROOT; };
		00000028 = { isa = PBXBuildFile; fileRef = 00000029; };
		00000029 = { isa = PBXFileReference; lastKnownFileType = sourcecode.swift; path = CasioABL100/CasioWatchManager/FindPhone.swift; sourceTree = SOURCE_ROOT; };
		0000002A = { isa = PBXBuildFile; fileRef = 0000002B; };
		0000002B = { isa = PBXFileReference; lastKnownFileType = sourcecode.swift; path = CasioABL100/UI/TimerTab.swift; sourceTree = SOURCE_ROOT; };
		0000002C = { isa = PBXBuildFile; fileRef = 0000002D; };
		0000002D = { isa = PBXFileReference; lastKnownFileType = sourcecode.swift; path = CasioABL100/CasioWatchManager/LongPressAction.swift; sourceTree = SOURCE_ROOT; };
		00000030 = { isa = PBXBuildFile; fileRef = 00000031; };
		00000031 = { isa = PBXFileReference; lastKnownFileType = sourcecode.swift; path = CasioABL100/UI/WorldTime.swift; sourceTree = SOURCE_ROOT; };
		00000032 = { isa = PBXBuildFile; fileRef = 00000033; };
		00000033 = { isa = PBXFileReference; lastKnownFileType = sourcecode.swift; path = CasioABL100/UI/WatchTab.swift; sourceTree = SOURCE_ROOT; };
		00000034 = { isa = PBXBuildFile; fileRef = 00000035; };
		00000035 = { isa = PBXFileReference; lastKnownFileType = sourcecode.swift; path = CasioABL100/UI/StepsTab.swift; sourceTree = SOURCE_ROOT; };
		00000036 = { isa = PBXBuildFile; fileRef = 00000037; };
		00000037 = { isa = PBXFileReference; lastKnownFileType = folder.assetcatalog; path = CasioABL100/Assets.xcassets; sourceTree = SOURCE_ROOT; };
		00000038 = { isa = PBXBuildFile; fileRef = 00000039; };
		00000039 = { isa = PBXFileReference; lastKnownFileType = text.xml; path = CasioABL100/PrivacyInfo.xcprivacy; sourceTree = SOURCE_ROOT; };
		0000003A = { isa = PBXBuildFile; fileRef = 0000003B; };
		0000003B = { isa = PBXFileReference; lastKnownFileType = sourcecode.swift; path = CasioABL100/UI/WelcomeView.swift; sourceTree = SOURCE_ROOT; };
		0000003C = { isa = PBXBuildFile; fileRef = 0000003D; };
		0000003D = { isa = PBXFileReference; lastKnownFileType = sourcecode.swift; path = CasioABL100/CasioWatchManager/StepHistory.swift; sourceTree = SOURCE_ROOT; };
		0000000C = { isa = PBXProject; buildConfigurationList = 0000000D; compatibilityVersion = "Xcode 14.0"; developmentRegion = es; hasScannedForEncodings = 0; mainGroup = 0000000E; productRefGroup = 0000000F; projectDirPath = ""; targets = (00000010); };
		0000000D = { isa = XCConfigurationList; buildConfigurations = (00000011, 00000012); defaultConfigurationIsVisible = 0; };
		0000000E = { isa = PBXGroup; children = (0000000F); sourceTree = "<group>"; };
		0000000F = { isa = PBXGroup; children = (00000013); name = Products; sourceTree = "<group>"; };
		00000010 = { isa = PBXNativeTarget; buildConfigurationList = 00000014; buildPhases = (00000015, 00000016, 00000017); name = CasioABL100; productName = CasioABL100; productReference = 00000013; productType = "com.apple.product-type.application"; };
		00000011 = { isa = XCBuildConfiguration; buildSettings = { ALWAYS_SEARCH_USER_PATHS = NO; ASSETCATALOG_COMPILER_APPICON_NAME = AppIcon; BUNDLE_IDENTIFIER = "com.lautaro.hoursync"; CODE_SIGN_STYLE = Automatic; INFOPLIST_FILE = CasioABL100/Info.plist; IPHONEOS_DEPLOYMENT_TARGET = 16.0; PRODUCT_BUNDLE_IDENTIFIER = "com.lautaro.hoursync"; PRODUCT_NAME = "$(TARGET_NAME)"; SDKROOT = iphoneos; SWIFT_ACTIVE_COMPILATION_CONDITIONS = DEBUG; SWIFT_VERSION = 5.9; TARGETED_DEVICE_FAMILY = 1; }; name = Debug; };
		00000012 = { isa = XCBuildConfiguration; buildSettings = { ALWAYS_SEARCH_USER_PATHS = NO; ASSETCATALOG_COMPILER_APPICON_NAME = AppIcon; BUNDLE_IDENTIFIER = "com.lautaro.hoursync"; CODE_SIGN_STYLE = Automatic; INFOPLIST_FILE = CasioABL100/Info.plist; IPHONEOS_DEPLOYMENT_TARGET = 16.0; PRODUCT_BUNDLE_IDENTIFIER = "com.lautaro.hoursync"; PRODUCT_NAME = "$(TARGET_NAME)"; SDKROOT = iphoneos; SWIFT_VERSION = 5.9; TARGETED_DEVICE_FAMILY = 1; }; name = Release; };
		00000013 = { isa = PBXFileReference; explicitFileType = "wrapper.application"; includeInIndex = 0; name = CasioABL100.app; path = CasioABL100.app; sourceTree = BUILT_PRODUCTS_DIR; };
		00000014 = { isa = XCConfigurationList; buildConfigurations = (00000018, 00000019); defaultConfigurationIsVisible = 0; };
		00000015 = { isa = PBXSourcesBuildPhase; buildActionMask = 2147483647; files = (00000005, 00000007, 00000009, 0000001A, 0000001C, 0000001E, 00000020, 00000022, 00000024, 00000026, 00000028, 0000002A, 0000002C, 00000030, 00000032, 00000034, 0000003A, 0000003C); runOnlyForDeploymentPostprocessing = 0; };
		00000016 = { isa = PBXFrameworksBuildPhase; buildActionMask = 2147483647; files = (); runOnlyForDeploymentPostprocessing = 0; };
		00000017 = { isa = PBXResourcesBuildPhase; buildActionMask = 2147483647; files = (00000036, 00000038); runOnlyForDeploymentPostprocessing = 0; };
		00000018 = { isa = XCBuildConfiguration; buildSettings = { ALWAYS_SEARCH_USER_PATHS = NO; ASSETCATALOG_COMPILER_APPICON_NAME = AppIcon; BUNDLE_IDENTIFIER = "com.lautaro.hoursync"; CODE_SIGN_STYLE = Automatic; INFOPLIST_FILE = CasioABL100/Info.plist; IPHONEOS_DEPLOYMENT_TARGET = 16.0; PRODUCT_BUNDLE_IDENTIFIER = "com.lautaro.hoursync"; PRODUCT_NAME = "$(TARGET_NAME)"; SDKROOT = iphoneos; SWIFT_ACTIVE_COMPILATION_CONDITIONS = DEBUG; SWIFT_VERSION = 5.9; TARGETED_DEVICE_FAMILY = 1; }; name = Debug; };
		00000019 = { isa = XCBuildConfiguration; buildSettings = { ALWAYS_SEARCH_USER_PATHS = NO; ASSETCATALOG_COMPILER_APPICON_NAME = AppIcon; BUNDLE_IDENTIFIER = "com.lautaro.hoursync"; CODE_SIGN_STYLE = Automatic; INFOPLIST_FILE = CasioABL100/Info.plist; IPHONEOS_DEPLOYMENT_TARGET = 16.0; PRODUCT_BUNDLE_IDENTIFIER = "com.lautaro.hoursync"; PRODUCT_NAME = "$(TARGET_NAME)"; SDKROOT = iphoneos; SWIFT_VERSION = 5.9; TARGETED_DEVICE_FAMILY = 1; }; name = Release; };
	};
	rootObject = 0000000C;
}
